
Microsoft Visual Studio Solution File, Format Version 12.00
Project("{FAE04EC0-301F-11D3-BF4B-00C04F79EFBC}") = "MeteorFlow.Web", "MeteorFlow.Web/MeteorFlow.Web.csproj", "{85AAB3EF-10BC-4692-A767-2A82ED155F30}"
EndProject
Project("{FAE04EC0-301F-11D3-BF4B-00C04F79EFBC}") = "MeteorFlow.Core", "MeteorFlow.Core\MeteorFlow.Core.csproj", "{E1101B25-A973-401B-8941-DC421AF00E8D}"
EndProject
Project("{FAE04EC0-301F-11D3-BF4B-00C04F79EFBC}") = "MeteorFlow.Domain", "MeteorFlow.Domain\MeteorFlow.Domain.csproj", "{F50BB76F-7A84-41C2-9A71-2CB5B9EB980B}"
EndProject
Project("{FAE04EC0-301F-11D3-BF4B-00C04F79EFBC}") = "MeteorFlow.Infrastructure", "MeteorFlow.Infrastructure\MeteorFlow.Infrastructure.csproj", "{F3577AFB-CCBE-41B8-BE5D-05902E700FE1}"
EndProject
Project("{FAE04EC0-301F-11D3-BF4B-00C04F79EFBC}") = "MeteorFlow.Test", "MeteorFlow.Test\MeteorFlow.Test.csproj", "{05856993-600A-4194-89A3-AE14BF24F7C1}"
EndProject
Project("{FAE04EC0-301F-11D3-BF4B-00C04F79EFBC}") = "MeteorFlow.Fx", "MeteorFlow.Fx\MeteorFlow.Fx.csproj", "{7856D674-F2F7-43F8-96FF-1B02FD714AFF}"
EndProject
Project("{FAE04EC0-301F-11D3-BF4B-00C04F79EFBC}") = "MeteorFlow.Core.Fx", "MeteorFlow.Core.Fx\MeteorFlow.Core.Fx.csproj", "{E9511B22-A607-4EF1-918E-C0C3FC5915B0}"
EndProject
Project("{2150E333-8FDC-42A3-9474-1A3956D46DE8}") = "MeteorFlow.Cloud", "MeteorFlow.Cloud", "{0514B632-862F-4A29-9D11-73BED1DF9FF0}"
EndProject
Project("{FAE04EC0-301F-11D3-BF4B-00C04F79EFBC}") = "MeteorFlow.Cloud.Api", "MeteorFlow.Cloud\MeteorFlow.Cloud.Api\MeteorFlow.Cloud.Api.csproj", "{ED094704-AC7C-427E-8D11-021DF4BFFDA4}"
EndProject
Project("{FAE04EC0-301F-11D3-BF4B-00C04F79EFBC}") = "MeteorFlow.Cloud.Auth", "MeteorFlow.Cloud\MeteorFlow.Cloud.Auth\MeteorFlow.Cloud.Auth.csproj", "{E9434171-EA3B-4BC3-91C4-72EE5BCEC0DB}"
EndProject
Global
	GlobalSection(SolutionConfigurationPlatforms) = preSolution
		Debug|Any CPU = Debug|Any CPU
		Release|Any CPU = Release|Any CPU
	EndGlobalSection
	GlobalSection(ProjectConfigurationPlatforms) = postSolution
		{85AAB3EF-10BC-4692-A767-2A82ED155F30}.Debug|Any CPU.ActiveCfg = Debug|Any CPU
		{85AAB3EF-10BC-4692-A767-2A82ED155F30}.Debug|Any CPU.Build.0 = Debug|Any CPU
		{85AAB3EF-10BC-4692-A767-2A82ED155F30}.Release|Any CPU.ActiveCfg = Release|Any CPU
		{85AAB3EF-10BC-4692-A767-2A82ED155F30}.Release|Any CPU.Build.0 = Release|Any CPU
		{E1101B25-A973-401B-8941-DC421AF00E8D}.Debug|Any CPU.ActiveCfg = Debug|Any CPU
		{E1101B25-A973-401B-8941-DC421AF00E8D}.Debug|Any CPU.Build.0 = Debug|Any CPU
		{E1101B25-A973-401B-8941-DC421AF00E8D}.Release|Any CPU.ActiveCfg = Release|Any CPU
		{E1101B25-A973-401B-8941-DC421AF00E8D}.Release|Any CPU.Build.0 = Release|Any CPU
		{F50BB76F-7A84-41C2-9A71-2CB5B9EB980B}.Debug|Any CPU.ActiveCfg = Debug|Any CPU
		{F50BB76F-7A84-41C2-9A71-2CB5B9EB980B}.Debug|Any CPU.Build.0 = Debug|Any CPU
		{F50BB76F-7A84-41C2-9A71-2CB5B9EB980B}.Release|Any CPU.ActiveCfg = Release|Any CPU
		{F50BB76F-7A84-41C2-9A71-2CB5B9EB980B}.Release|Any CPU.Build.0 = Release|Any CPU
		{F3577AFB-CCBE-41B8-BE5D-05902E700FE1}.Debug|Any CPU.ActiveCfg = Debug|Any CPU
		{F3577AFB-CCBE-41B8-BE5D-05902E700FE1}.Debug|Any CPU.Build.0 = Debug|Any CPU
		{F3577AFB-CCBE-41B8-BE5D-05902E700FE1}.Release|Any CPU.ActiveCfg = Release|Any CPU
		{F3577AFB-CCBE-41B8-BE5D-05902E700FE1}.Release|Any CPU.Build.0 = Release|Any CPU
		{05856993-600A-4194-89A3-AE14BF24F7C1}.Debug|Any CPU.ActiveCfg = Debug|Any CPU
		{05856993-600A-4194-89A3-AE14BF24F7C1}.Debug|Any CPU.Build.0 = Debug|Any CPU
		{05856993-600A-4194-89A3-AE14BF24F7C1}.Release|Any CPU.ActiveCfg = Release|Any CPU
		{05856993-600A-4194-89A3-AE14BF24F7C1}.Release|Any CPU.Build.0 = Release|Any CPU
		{7856D674-F2F7-43F8-96FF-1B02FD714AFF}.Debug|Any CPU.ActiveCfg = Debug|Any CPU
		{7856D674-F2F7-43F8-96FF-1B02FD714AFF}.Debug|Any CPU.Build.0 = Debug|Any CPU
		{7856D674-F2F7-43F8-96FF-1B02FD714AFF}.Release|Any CPU.ActiveCfg = Release|Any CPU
		{7856D674-F2F7-43F8-96FF-1B02FD714AFF}.Release|Any CPU.Build.0 = Release|Any CPU
		{E9511B22-A607-4EF1-918E-C0C3FC5915B0}.Debug|Any CPU.ActiveCfg = Debug|Any CPU
		{E9511B22-A607-4EF1-918E-C0C3FC5915B0}.Debug|Any CPU.Build.0 = Debug|Any CPU
		{E9511B22-A607-4EF1-918E-C0C3FC5915B0}.Release|Any CPU.ActiveCfg = Release|Any CPU
		{E9511B22-A607-4EF1-918E-C0C3FC5915B0}.Release|Any CPU.Build.0 = Release|Any CPU
		{ED094704-AC7C-427E-8D11-021DF4BFFDA4}.Debug|Any CPU.ActiveCfg = Debug|Any CPU
		{ED094704-AC7C-427E-8D11-021DF4BFFDA4}.Debug|Any CPU.Build.0 = Debug|Any CPU
		{ED094704-AC7C-427E-8D11-021DF4BFFDA4}.Release|Any CPU.ActiveCfg = Release|Any CPU
		{ED094704-AC7C-427E-8D11-021DF4BFFDA4}.Release|Any CPU.Build.0 = Release|Any CPU
		{E9434171-EA3B-4BC3-91C4-72EE5BCEC0DB}.Debug|Any CPU.ActiveCfg = Debug|Any CPU
		{E9434171-EA3B-4BC3-91C4-72EE5BCEC0DB}.Debug|Any CPU.Build.0 = Debug|Any CPU
		{E9434171-EA3B-4BC3-91C4-72EE5BCEC0DB}.Release|Any CPU.ActiveCfg = Release|Any CPU
		{E9434171-EA3B-4BC3-91C4-72EE5BCEC0DB}.Release|Any CPU.Build.0 = Release|Any CPU
	EndGlobalSection
	GlobalSection(NestedProjects) = preSolution
		{ED094704-AC7C-427E-8D11-021DF4BFFDA4} = {0514B632-862F-4A29-9D11-73BED1DF9FF0}
		{E9434171-EA3B-4BC3-91C4-72EE5BCEC0DB} = {0514B632-862F-4A29-9D11-73BED1DF9FF0}
	EndGlobalSection
EndGlobal
